// !$*UTF8*$!
{
	archiveVersion = 1;
	classes = {
	};
	objectVersion = 52;
	objects = {

/* Begin PBXBuildFile section */
		0B01BACA23841CCE009B1C6F /* NotificationNameExtension.swift in Sources */ = {isa = PBXBuildFile; fileRef = 0B01BAC923841CCE009B1C6F /* NotificationNameExtension.swift */; };
		0B08C1E2239FDBA60090010A /* PasswordTableViewCellDelegate.swift in Sources */ = {isa = PBXBuildFile; fileRef = 0B08C1E1239FDBA60090010A /* PasswordTableViewCellDelegate.swift */; };
		0B17025623A1199900924B7F /* AuthenticationViewController.swift in Sources */ = {isa = PBXBuildFile; fileRef = 0B17025523A1199900924B7F /* AuthenticationViewController.swift */; };
		0B1C991023C326A700FA3AA8 /* UIImageViewExtension.swift in Sources */ = {isa = PBXBuildFile; fileRef = 0B1C990F23C326A700FA3AA8 /* UIImageViewExtension.swift */; };
		0B1C991223C3460C00FA3AA8 /* AppearanceHelper.swift in Sources */ = {isa = PBXBuildFile; fileRef = 0B1C991123C3460C00FA3AA8 /* AppearanceHelper.swift */; };
		0B2F298923C1CE1600537BC7 /* NoteTableViewCellDelegate.swift in Sources */ = {isa = PBXBuildFile; fileRef = 0B2F298823C1CE1600537BC7 /* NoteTableViewCellDelegate.swift */; };
		0B2F298B23C1CE6600537BC7 /* NoteTableViewCell.swift in Sources */ = {isa = PBXBuildFile; fileRef = 0B2F298A23C1CE6600537BC7 /* NoteTableViewCell.swift */; };
		0B65228D23C1C3C300F8ECDE /* Password.storyboard in Resources */ = {isa = PBXBuildFile; fileRef = 0B65228C23C1C3C300F8ECDE /* Password.storyboard */; };
		0B65229023C1C49100F8ECDE /* Settings.storyboard in Resources */ = {isa = PBXBuildFile; fileRef = 0B65228E23C1C49100F8ECDE /* Settings.storyboard */; };
		0B65229223C1C4A300F8ECDE /* Note.storyboard in Resources */ = {isa = PBXBuildFile; fileRef = 0B65229123C1C4A300F8ECDE /* Note.storyboard */; };
		0B65A764239389A500300633 /* Models.xcdatamodeld in Sources */ = {isa = PBXBuildFile; fileRef = 0B65A762239389A500300633 /* Models.xcdatamodeld */; };
		0B666D8E2368720800B0E72A /* AppDelegate.swift in Sources */ = {isa = PBXBuildFile; fileRef = 0B666D8D2368720800B0E72A /* AppDelegate.swift */; };
		0B666D902368720800B0E72A /* SceneDelegate.swift in Sources */ = {isa = PBXBuildFile; fileRef = 0B666D8F2368720800B0E72A /* SceneDelegate.swift */; };
		0B666D952368720800B0E72A /* Main.storyboard in Resources */ = {isa = PBXBuildFile; fileRef = 0B666D932368720800B0E72A /* Main.storyboard */; };
		0B666D972368720C00B0E72A /* Assets.xcassets in Resources */ = {isa = PBXBuildFile; fileRef = 0B666D962368720C00B0E72A /* Assets.xcassets */; };
		0B666D9A2368720C00B0E72A /* LaunchScreen.storyboard in Resources */ = {isa = PBXBuildFile; fileRef = 0B666D982368720C00B0E72A /* LaunchScreen.storyboard */; };
		0B677356237CF17A003C1D53 /* PasswordTableViewController.swift in Sources */ = {isa = PBXBuildFile; fileRef = 0B677355237CF17A003C1D53 /* PasswordTableViewController.swift */; };
		0B677359237CF23B003C1D53 /* PasswordDetailViewController.swift in Sources */ = {isa = PBXBuildFile; fileRef = 0B677358237CF23B003C1D53 /* PasswordDetailViewController.swift */; };
		0B68DD0F239A58BC00E2DD67 /* UIColorExtension.swift in Sources */ = {isa = PBXBuildFile; fileRef = 0B68DD0E239A58BC00E2DD67 /* UIColorExtension.swift */; };
		0B6E6AA92369C6F900CEAFF5 /* PasswordController.swift in Sources */ = {isa = PBXBuildFile; fileRef = 0B6E6AA82369C6F900CEAFF5 /* PasswordController.swift */; };
		0B85DC9E23883F3600F4C95B /* PasswordTableViewCell.swift in Sources */ = {isa = PBXBuildFile; fileRef = 0B85DC9D23883F3600F4C95B /* PasswordTableViewCell.swift */; };
		0B8BD10F238B9D2B00AEF451 /* TextFieldExtension.swift in Sources */ = {isa = PBXBuildFile; fileRef = 0B8BD10E238B9D2B00AEF451 /* TextFieldExtension.swift */; };
		0B95127523B714CD002858A2 /* NoteTableViewController.swift in Sources */ = {isa = PBXBuildFile; fileRef = 0B95127423B714CD002858A2 /* NoteTableViewController.swift */; };
		0B95127723B79F09002858A2 /* NoteDetailViewController.swift in Sources */ = {isa = PBXBuildFile; fileRef = 0B95127623B79F09002858A2 /* NoteDetailViewController.swift */; };
		0BA26A1B23938FC9004836B8 /* Password+Convenience.swift in Sources */ = {isa = PBXBuildFile; fileRef = 0BA26A1A23938FC9004836B8 /* Password+Convenience.swift */; };
		0BA26A1D239391DF004836B8 /* CoreDataStack.swift in Sources */ = {isa = PBXBuildFile; fileRef = 0BA26A1C239391DF004836B8 /* CoreDataStack.swift */; };
		0BCBF54C23C4C8BE00F96069 /* UIButtonExtension.swift in Sources */ = {isa = PBXBuildFile; fileRef = 0BCBF54B23C4C8BE00F96069 /* UIButtonExtension.swift */; };
		0BCC0C2E23B2049400065EC8 /* PopOverViewController.swift in Sources */ = {isa = PBXBuildFile; fileRef = 0BCC0C2D23B2049400065EC8 /* PopOverViewController.swift */; };
		0BE431AB238A43EF009B8033 /* UIViewExtension.swift in Sources */ = {isa = PBXBuildFile; fileRef = 0BE431AA238A43EF009B8033 /* UIViewExtension.swift */; };
		0BE431AF238A4429009B8033 /* UILabelExtension.swift in Sources */ = {isa = PBXBuildFile; fileRef = 0BE431AE238A4429009B8033 /* UILabelExtension.swift */; };
		0BE497ED23C57A8200ACDD4E /* SettingsTableViewController.swift in Sources */ = {isa = PBXBuildFile; fileRef = 0BE497EC23C57A8200ACDD4E /* SettingsTableViewController.swift */; };
		0BE497EF23C603CB00ACDD4E /* StringKeyExtension.swift in Sources */ = {isa = PBXBuildFile; fileRef = 0BE497EE23C603CB00ACDD4E /* StringKeyExtension.swift */; };
		0BED43D723B9F434009B4D74 /* Category+Convenience.swift in Sources */ = {isa = PBXBuildFile; fileRef = 0BED43D623B9F434009B4D74 /* Category+Convenience.swift */; };
		0BED43D923B9F447009B4D74 /* Note+Convenience.swift in Sources */ = {isa = PBXBuildFile; fileRef = 0BED43D823B9F447009B4D74 /* Note+Convenience.swift */; };
		0BED43DB23BA25B7009B4D74 /* NoteCollectionViewCellDelegate.swift in Sources */ = {isa = PBXBuildFile; fileRef = 0BED43DA23BA25B7009B4D74 /* NoteCollectionViewCellDelegate.swift */; };
		0BF5529623AED496003D473B /* NoteCollectionViewController.swift in Sources */ = {isa = PBXBuildFile; fileRef = 0BF5529523AED496003D473B /* NoteCollectionViewController.swift */; };
		0BF5529823AED4DE003D473B /* NoteCollectionViewCell.swift in Sources */ = {isa = PBXBuildFile; fileRef = 0BF5529723AED4DE003D473B /* NoteCollectionViewCell.swift */; };
		0BF5529C23AED74A003D473B /* NoteController.swift in Sources */ = {isa = PBXBuildFile; fileRef = 0BF5529B23AED74A003D473B /* NoteController.swift */; };
/* End PBXBuildFile section */

/* Begin PBXFileReference section */
		0B01BAC923841CCE009B1C6F /* NotificationNameExtension.swift */ = {isa = PBXFileReference; lastKnownFileType = sourcecode.swift; path = NotificationNameExtension.swift; sourceTree = "<group>"; };
		0B08C1E0239FAE970090010A /* Models 4.xcdatamodel */ = {isa = PBXFileReference; lastKnownFileType = wrapper.xcdatamodel; path = "Models 4.xcdatamodel"; sourceTree = "<group>"; };
		0B08C1E1239FDBA60090010A /* PasswordTableViewCellDelegate.swift */ = {isa = PBXFileReference; lastKnownFileType = sourcecode.swift; path = PasswordTableViewCellDelegate.swift; sourceTree = "<group>"; };
		0B17025523A1199900924B7F /* AuthenticationViewController.swift */ = {isa = PBXFileReference; lastKnownFileType = sourcecode.swift; path = AuthenticationViewController.swift; sourceTree = "<group>"; };
		0B1C990F23C326A700FA3AA8 /* UIImageViewExtension.swift */ = {isa = PBXFileReference; lastKnownFileType = sourcecode.swift; path = UIImageViewExtension.swift; sourceTree = "<group>"; };
		0B1C991123C3460C00FA3AA8 /* AppearanceHelper.swift */ = {isa = PBXFileReference; lastKnownFileType = sourcecode.swift; path = AppearanceHelper.swift; sourceTree = "<group>"; };
		0B2F298823C1CE1600537BC7 /* NoteTableViewCellDelegate.swift */ = {isa = PBXFileReference; lastKnownFileType = sourcecode.swift; path = NoteTableViewCellDelegate.swift; sourceTree = "<group>"; };
		0B2F298A23C1CE6600537BC7 /* NoteTableViewCell.swift */ = {isa = PBXFileReference; lastKnownFileType = sourcecode.swift; path = NoteTableViewCell.swift; sourceTree = "<group>"; };
		0B65228C23C1C3C300F8ECDE /* Password.storyboard */ = {isa = PBXFileReference; fileEncoding = 4; lastKnownFileType = file.storyboard; path = Password.storyboard; sourceTree = "<group>"; };
		0B65228F23C1C49100F8ECDE /* Base */ = {isa = PBXFileReference; lastKnownFileType = file.storyboard; name = Base; path = SaveThings/Storyboard/Base.lproj/Settings.storyboard; sourceTree = "<group>"; };
		0B65229123C1C4A300F8ECDE /* Note.storyboard */ = {isa = PBXFileReference; fileEncoding = 4; lastKnownFileType = file.storyboard; path = Note.storyboard; sourceTree = "<group>"; };
		0B65A763239389A500300633 /* Models.xcdatamodel */ = {isa = PBXFileReference; lastKnownFileType = wrapper.xcdatamodel; path = Models.xcdatamodel; sourceTree = "<group>"; };
		0B666D8A2368720800B0E72A /* SaveThings.app */ = {isa = PBXFileReference; explicitFileType = wrapper.application; includeInIndex = 0; path = SaveThings.app; sourceTree = BUILT_PRODUCTS_DIR; };
		0B666D8D2368720800B0E72A /* AppDelegate.swift */ = {isa = PBXFileReference; lastKnownFileType = sourcecode.swift; path = AppDelegate.swift; sourceTree = "<group>"; };
		0B666D8F2368720800B0E72A /* SceneDelegate.swift */ = {isa = PBXFileReference; lastKnownFileType = sourcecode.swift; path = SceneDelegate.swift; sourceTree = "<group>"; };
		0B666D942368720800B0E72A /* Base */ = {isa = PBXFileReference; lastKnownFileType = file.storyboard; name = Base; path = Base.lproj/Main.storyboard; sourceTree = "<group>"; };
		0B666D962368720C00B0E72A /* Assets.xcassets */ = {isa = PBXFileReference; lastKnownFileType = folder.assetcatalog; path = Assets.xcassets; sourceTree = "<group>"; };
		0B666D992368720C00B0E72A /* Base */ = {isa = PBXFileReference; lastKnownFileType = file.storyboard; name = Base; path = Base.lproj/LaunchScreen.storyboard; sourceTree = "<group>"; };
		0B666D9B2368720C00B0E72A /* Info.plist */ = {isa = PBXFileReference; lastKnownFileType = text.plist.xml; path = Info.plist; sourceTree = "<group>"; };
		0B677355237CF17A003C1D53 /* PasswordTableViewController.swift */ = {isa = PBXFileReference; lastKnownFileType = sourcecode.swift; path = PasswordTableViewController.swift; sourceTree = "<group>"; };
		0B677358237CF23B003C1D53 /* PasswordDetailViewController.swift */ = {isa = PBXFileReference; lastKnownFileType = sourcecode.swift; path = PasswordDetailViewController.swift; sourceTree = "<group>"; };
		0B68DD0D239A3B9C00E2DD67 /* Models 3.xcdatamodel */ = {isa = PBXFileReference; lastKnownFileType = wrapper.xcdatamodel; path = "Models 3.xcdatamodel"; sourceTree = "<group>"; };
		0B68DD0E239A58BC00E2DD67 /* UIColorExtension.swift */ = {isa = PBXFileReference; lastKnownFileType = sourcecode.swift; path = UIColorExtension.swift; sourceTree = "<group>"; };
		0B6E6AA82369C6F900CEAFF5 /* PasswordController.swift */ = {isa = PBXFileReference; lastKnownFileType = sourcecode.swift; path = PasswordController.swift; sourceTree = "<group>"; };
		0B85DC9D23883F3600F4C95B /* PasswordTableViewCell.swift */ = {isa = PBXFileReference; lastKnownFileType = sourcecode.swift; path = PasswordTableViewCell.swift; sourceTree = "<group>"; };
		0B8BD10E238B9D2B00AEF451 /* TextFieldExtension.swift */ = {isa = PBXFileReference; lastKnownFileType = sourcecode.swift; path = TextFieldExtension.swift; sourceTree = "<group>"; };
		0B95127423B714CD002858A2 /* NoteTableViewController.swift */ = {isa = PBXFileReference; lastKnownFileType = sourcecode.swift; path = NoteTableViewController.swift; sourceTree = "<group>"; };
		0B95127623B79F09002858A2 /* NoteDetailViewController.swift */ = {isa = PBXFileReference; lastKnownFileType = sourcecode.swift; path = NoteDetailViewController.swift; sourceTree = "<group>"; };
		0BA26A1A23938FC9004836B8 /* Password+Convenience.swift */ = {isa = PBXFileReference; lastKnownFileType = sourcecode.swift; path = "Password+Convenience.swift"; sourceTree = "<group>"; };
		0BA26A1C239391DF004836B8 /* CoreDataStack.swift */ = {isa = PBXFileReference; lastKnownFileType = sourcecode.swift; path = CoreDataStack.swift; sourceTree = "<group>"; };
		0BA26A202393B1BE004836B8 /* Models 2.xcdatamodel */ = {isa = PBXFileReference; lastKnownFileType = wrapper.xcdatamodel; path = "Models 2.xcdatamodel"; sourceTree = "<group>"; };
		0BCBF54B23C4C8BE00F96069 /* UIButtonExtension.swift */ = {isa = PBXFileReference; lastKnownFileType = sourcecode.swift; path = UIButtonExtension.swift; sourceTree = "<group>"; };
		0BCC0C2D23B2049400065EC8 /* PopOverViewController.swift */ = {isa = PBXFileReference; lastKnownFileType = sourcecode.swift; path = PopOverViewController.swift; sourceTree = "<group>"; };
		0BE431AA238A43EF009B8033 /* UIViewExtension.swift */ = {isa = PBXFileReference; lastKnownFileType = sourcecode.swift; path = UIViewExtension.swift; sourceTree = "<group>"; };
		0BE431AE238A4429009B8033 /* UILabelExtension.swift */ = {isa = PBXFileReference; lastKnownFileType = sourcecode.swift; path = UILabelExtension.swift; sourceTree = "<group>"; };
		0BE497EC23C57A8200ACDD4E /* SettingsTableViewController.swift */ = {isa = PBXFileReference; lastKnownFileType = sourcecode.swift; path = SettingsTableViewController.swift; sourceTree = "<group>"; };
		0BE497EE23C603CB00ACDD4E /* StringKeyExtension.swift */ = {isa = PBXFileReference; lastKnownFileType = sourcecode.swift; path = StringKeyExtension.swift; sourceTree = "<group>"; };
		0BED43CD23B9EB6F009B4D74 /* Models 5.xcdatamodel */ = {isa = PBXFileReference; lastKnownFileType = wrapper.xcdatamodel; path = "Models 5.xcdatamodel"; sourceTree = "<group>"; };
		0BED43D623B9F434009B4D74 /* Category+Convenience.swift */ = {isa = PBXFileReference; lastKnownFileType = sourcecode.swift; path = "Category+Convenience.swift"; sourceTree = "<group>"; };
		0BED43D823B9F447009B4D74 /* Note+Convenience.swift */ = {isa = PBXFileReference; lastKnownFileType = sourcecode.swift; path = "Note+Convenience.swift"; sourceTree = "<group>"; };
		0BED43DA23BA25B7009B4D74 /* NoteCollectionViewCellDelegate.swift */ = {isa = PBXFileReference; lastKnownFileType = sourcecode.swift; path = NoteCollectionViewCellDelegate.swift; sourceTree = "<group>"; };
		0BF5529523AED496003D473B /* NoteCollectionViewController.swift */ = {isa = PBXFileReference; lastKnownFileType = sourcecode.swift; path = NoteCollectionViewController.swift; sourceTree = "<group>"; };
		0BF5529723AED4DE003D473B /* NoteCollectionViewCell.swift */ = {isa = PBXFileReference; lastKnownFileType = sourcecode.swift; path = NoteCollectionViewCell.swift; sourceTree = "<group>"; };
		0BF5529B23AED74A003D473B /* NoteController.swift */ = {isa = PBXFileReference; lastKnownFileType = sourcecode.swift; path = NoteController.swift; sourceTree = "<group>"; };
/* End PBXFileReference section */

/* Begin PBXFrameworksBuildPhase section */
		0B666D872368720800B0E72A /* Frameworks */ = {
			isa = PBXFrameworksBuildPhase;
			buildActionMask = 2147483647;
			files = (
			);
			runOnlyForDeploymentPostprocessing = 0;
		};
/* End PBXFrameworksBuildPhase section */

/* Begin PBXGroup section */
		0B1C991323C3461100FA3AA8 /* Helpers */ = {
			isa = PBXGroup;
			children = (
				0B1C991123C3460C00FA3AA8 /* AppearanceHelper.swift */,
			);
			path = Helpers;
			sourceTree = "<group>";
		};
		0B666D812368720800B0E72A = {
			isa = PBXGroup;
			children = (
				0B666D8C2368720800B0E72A /* SaveThings */,
				0B677351237CF12F003C1D53 /* Resources */,
				0B666D8B2368720800B0E72A /* Products */,
			);
			sourceTree = "<group>";
		};
		0B666D8B2368720800B0E72A /* Products */ = {
			isa = PBXGroup;
			children = (
				0B666D8A2368720800B0E72A /* SaveThings.app */,
			);
			name = Products;
			sourceTree = "<group>";
		};
		0B666D8C2368720800B0E72A /* SaveThings */ = {
			isa = PBXGroup;
			children = (
				0B677353237CF14B003C1D53 /* Model */,
				0B677354237CF154003C1D53 /* Model Controllers */,
				0B677357237CF17D003C1D53 /* View Controllers */,
				0BADDC6B23BA48B4009502E6 /* PasswordViewControllers */,
				0BADDC6C23BA48CB009502E6 /* NoteViewControllers */,
				0BE497EB23C57A5100ACDD4E /* SettingsViewControllers */,
				0B85DC9F23883F3A00F4C95B /* PasswordCells */,
				0BADDC6D23BA48FE009502E6 /* NoteCells */,
				0B677352237CF13D003C1D53 /* Storyboard */,
				0BE431AD238A43F9009B8033 /* Extensions */,
				0BADDC6E23BA493C009502E6 /* Protocols */,
				0B1C991323C3461100FA3AA8 /* Helpers */,
				0B666D9B2368720C00B0E72A /* Info.plist */,
			);
			path = SaveThings;
			sourceTree = "<group>";
		};
		0B677351237CF12F003C1D53 /* Resources */ = {
			isa = PBXGroup;
			children = (
				0B666D8D2368720800B0E72A /* AppDelegate.swift */,
				0B666D8F2368720800B0E72A /* SceneDelegate.swift */,
				0B666D962368720C00B0E72A /* Assets.xcassets */,
				0B666D982368720C00B0E72A /* LaunchScreen.storyboard */,
			);
			path = Resources;
			sourceTree = "<group>";
		};
		0B677352237CF13D003C1D53 /* Storyboard */ = {
			isa = PBXGroup;
			children = (
				0B666D932368720800B0E72A /* Main.storyboard */,
				0B65228C23C1C3C300F8ECDE /* Password.storyboard */,
				0B65229123C1C4A300F8ECDE /* Note.storyboard */,
				0B65228E23C1C49100F8ECDE /* Settings.storyboard */,
			);
			path = Storyboard;
			sourceTree = "<group>";
		};
		0B677353237CF14B003C1D53 /* Model */ = {
			isa = PBXGroup;
			children = (
				0B65A762239389A500300633 /* Models.xcdatamodeld */,
				0BA26A1C239391DF004836B8 /* CoreDataStack.swift */,
				0BA26A1A23938FC9004836B8 /* Password+Convenience.swift */,
				0BED43D623B9F434009B4D74 /* Category+Convenience.swift */,
				0BED43D823B9F447009B4D74 /* Note+Convenience.swift */,
			);
			path = Model;
			sourceTree = "<group>";
		};
		0B677354237CF154003C1D53 /* Model Controllers */ = {
			isa = PBXGroup;
			children = (
				0B6E6AA82369C6F900CEAFF5 /* PasswordController.swift */,
				0BF5529B23AED74A003D473B /* NoteController.swift */,
			);
			path = "Model Controllers";
			sourceTree = "<group>";
		};
		0B677357237CF17D003C1D53 /* View Controllers */ = {
			isa = PBXGroup;
			children = (
				0B17025523A1199900924B7F /* AuthenticationViewController.swift */,
			);
			path = "View Controllers";
			sourceTree = "<group>";
		};
		0B85DC9F23883F3A00F4C95B /* PasswordCells */ = {
			isa = PBXGroup;
			children = (
				0B85DC9D23883F3600F4C95B /* PasswordTableViewCell.swift */,
			);
			path = PasswordCells;
			sourceTree = "<group>";
		};
		0BADDC6B23BA48B4009502E6 /* PasswordViewControllers */ = {
			isa = PBXGroup;
			children = (
				0B677355237CF17A003C1D53 /* PasswordTableViewController.swift */,
				0B677358237CF23B003C1D53 /* PasswordDetailViewController.swift */,
			);
			path = PasswordViewControllers;
			sourceTree = "<group>";
		};
		0BADDC6C23BA48CB009502E6 /* NoteViewControllers */ = {
			isa = PBXGroup;
			children = (
				0BF5529523AED496003D473B /* NoteCollectionViewController.swift */,
				0BCC0C2D23B2049400065EC8 /* PopOverViewController.swift */,
				0B95127423B714CD002858A2 /* NoteTableViewController.swift */,
				0B95127623B79F09002858A2 /* NoteDetailViewController.swift */,
			);
			path = NoteViewControllers;
			sourceTree = "<group>";
		};
		0BADDC6D23BA48FE009502E6 /* NoteCells */ = {
			isa = PBXGroup;
			children = (
				0BF5529723AED4DE003D473B /* NoteCollectionViewCell.swift */,
				0B2F298A23C1CE6600537BC7 /* NoteTableViewCell.swift */,
			);
			path = NoteCells;
			sourceTree = "<group>";
		};
		0BADDC6E23BA493C009502E6 /* Protocols */ = {
			isa = PBXGroup;
			children = (
				0B08C1E1239FDBA60090010A /* PasswordTableViewCellDelegate.swift */,
				0BED43DA23BA25B7009B4D74 /* NoteCollectionViewCellDelegate.swift */,
				0B2F298823C1CE1600537BC7 /* NoteTableViewCellDelegate.swift */,
			);
			path = Protocols;
			sourceTree = "<group>";
		};
		0BE431AD238A43F9009B8033 /* Extensions */ = {
			isa = PBXGroup;
			children = (
				0B8BD10E238B9D2B00AEF451 /* TextFieldExtension.swift */,
				0BE431AA238A43EF009B8033 /* UIViewExtension.swift */,
				0B68DD0E239A58BC00E2DD67 /* UIColorExtension.swift */,
				0BE431AE238A4429009B8033 /* UILabelExtension.swift */,
				0B1C990F23C326A700FA3AA8 /* UIImageViewExtension.swift */,
				0BCBF54B23C4C8BE00F96069 /* UIButtonExtension.swift */,
				0B01BAC923841CCE009B1C6F /* NotificationNameExtension.swift */,
				0BE497EE23C603CB00ACDD4E /* StringKeyExtension.swift */,
			);
			path = Extensions;
			sourceTree = "<group>";
		};
		0BE497EB23C57A5100ACDD4E /* SettingsViewControllers */ = {
			isa = PBXGroup;
			children = (
				0BE497EC23C57A8200ACDD4E /* SettingsTableViewController.swift */,
			);
			path = SettingsViewControllers;
			sourceTree = "<group>";
		};
/* End PBXGroup section */

/* Begin PBXNativeTarget section */
		0B666D892368720800B0E72A /* SaveThings */ = {
			isa = PBXNativeTarget;
			buildConfigurationList = 0B666D9E2368720C00B0E72A /* Build configuration list for PBXNativeTarget "SaveThings" */;
			buildPhases = (
				0B666D862368720800B0E72A /* Sources */,
				0B666D872368720800B0E72A /* Frameworks */,
				0B666D882368720800B0E72A /* Resources */,
			);
			buildRules = (
			);
			dependencies = (
			);
			name = SaveThings;
			productName = RememBasket;
			productReference = 0B666D8A2368720800B0E72A /* SaveThings.app */;
			productType = "com.apple.product-type.application";
		};
/* End PBXNativeTarget section */

/* Begin PBXProject section */
		0B666D822368720800B0E72A /* Project object */ = {
			isa = PBXProject;
			attributes = {
				LastSwiftUpdateCheck = 1110;
				LastUpgradeCheck = 1110;
				ORGANIZATIONNAME = "Dongwoo Pae";
				TargetAttributes = {
					0B666D892368720800B0E72A = {
						CreatedOnToolsVersion = 11.1;
					};
				};
			};
			buildConfigurationList = 0B666D852368720800B0E72A /* Build configuration list for PBXProject "SaveThings" */;
			compatibilityVersion = "Xcode 11.0";
			developmentRegion = en;
			hasScannedForEncodings = 0;
			knownRegions = (
				en,
				Base,
			);
			mainGroup = 0B666D812368720800B0E72A;
			productRefGroup = 0B666D8B2368720800B0E72A /* Products */;
			projectDirPath = "";
			projectRoot = "";
			targets = (
				0B666D892368720800B0E72A /* SaveThings */,
			);
		};
/* End PBXProject section */

/* Begin PBXResourcesBuildPhase section */
		0B666D882368720800B0E72A /* Resources */ = {
			isa = PBXResourcesBuildPhase;
			buildActionMask = 2147483647;
			files = (
				0B666D9A2368720C00B0E72A /* LaunchScreen.storyboard in Resources */,
				0B65228D23C1C3C300F8ECDE /* Password.storyboard in Resources */,
				0B65229223C1C4A300F8ECDE /* Note.storyboard in Resources */,
				0B666D972368720C00B0E72A /* Assets.xcassets in Resources */,
				0B666D952368720800B0E72A /* Main.storyboard in Resources */,
				0B65229023C1C49100F8ECDE /* Settings.storyboard in Resources */,
			);
			runOnlyForDeploymentPostprocessing = 0;
		};
/* End PBXResourcesBuildPhase section */

/* Begin PBXSourcesBuildPhase section */
		0B666D862368720800B0E72A /* Sources */ = {
			isa = PBXSourcesBuildPhase;
			buildActionMask = 2147483647;
			files = (
				0BE431AB238A43EF009B8033 /* UIViewExtension.swift in Sources */,
				0B677356237CF17A003C1D53 /* PasswordTableViewController.swift in Sources */,
				0B2F298923C1CE1600537BC7 /* NoteTableViewCellDelegate.swift in Sources */,
				0B2F298B23C1CE6600537BC7 /* NoteTableViewCell.swift in Sources */,
				0B01BACA23841CCE009B1C6F /* NotificationNameExtension.swift in Sources */,
				0B17025623A1199900924B7F /* AuthenticationViewController.swift in Sources */,
				0B85DC9E23883F3600F4C95B /* PasswordTableViewCell.swift in Sources */,
				0BE497EF23C603CB00ACDD4E /* StringKeyExtension.swift in Sources */,
				0B68DD0F239A58BC00E2DD67 /* UIColorExtension.swift in Sources */,
				0BCBF54C23C4C8BE00F96069 /* UIButtonExtension.swift in Sources */,
				0BED43D723B9F434009B4D74 /* Category+Convenience.swift in Sources */,
				0BED43D923B9F447009B4D74 /* Note+Convenience.swift in Sources */,
				0B1C991023C326A700FA3AA8 /* UIImageViewExtension.swift in Sources */,
				0B08C1E2239FDBA60090010A /* PasswordTableViewCellDelegate.swift in Sources */,
				0BE497ED23C57A8200ACDD4E /* SettingsTableViewController.swift in Sources */,
				0B677359237CF23B003C1D53 /* PasswordDetailViewController.swift in Sources */,
				0B65A764239389A500300633 /* Models.xcdatamodeld in Sources */,
				0BED43DB23BA25B7009B4D74 /* NoteCollectionViewCellDelegate.swift in Sources */,
				0BA26A1D239391DF004836B8 /* CoreDataStack.swift in Sources */,
				0BF5529823AED4DE003D473B /* NoteCollectionViewCell.swift in Sources */,
				0B666D8E2368720800B0E72A /* AppDelegate.swift in Sources */,
				0B8BD10F238B9D2B00AEF451 /* TextFieldExtension.swift in Sources */,
				0B6E6AA92369C6F900CEAFF5 /* PasswordController.swift in Sources */,
				0B95127723B79F09002858A2 /* NoteDetailViewController.swift in Sources */,
				0BF5529C23AED74A003D473B /* NoteController.swift in Sources */,
				0BE431AF238A4429009B8033 /* UILabelExtension.swift in Sources */,
				0BCC0C2E23B2049400065EC8 /* PopOverViewController.swift in Sources */,
				0BA26A1B23938FC9004836B8 /* Password+Convenience.swift in Sources */,
				0B666D902368720800B0E72A /* SceneDelegate.swift in Sources */,
				0B95127523B714CD002858A2 /* NoteTableViewController.swift in Sources */,
				0BF5529623AED496003D473B /* NoteCollectionViewController.swift in Sources */,
				0B1C991223C3460C00FA3AA8 /* AppearanceHelper.swift in Sources */,
			);
			runOnlyForDeploymentPostprocessing = 0;
		};
/* End PBXSourcesBuildPhase section */

/* Begin PBXVariantGroup section */
		0B65228E23C1C49100F8ECDE /* Settings.storyboard */ = {
			isa = PBXVariantGroup;
			children = (
				0B65228F23C1C49100F8ECDE /* Base */,
			);
			name = Settings.storyboard;
			sourceTree = "<group>";
		};
		0B666D932368720800B0E72A /* Main.storyboard */ = {
			isa = PBXVariantGroup;
			children = (
				0B666D942368720800B0E72A /* Base */,
			);
			name = Main.storyboard;
			sourceTree = "<group>";
		};
		0B666D982368720C00B0E72A /* LaunchScreen.storyboard */ = {
			isa = PBXVariantGroup;
			children = (
				0B666D992368720C00B0E72A /* Base */,
			);
			name = LaunchScreen.storyboard;
			sourceTree = "<group>";
		};
/* End PBXVariantGroup section */

/* Begin XCBuildConfiguration section */
		0B666D9C2368720C00B0E72A /* Debug */ = {
			isa = XCBuildConfiguration;
			buildSettings = {
				ALWAYS_SEARCH_USER_PATHS = NO;
				CLANG_ANALYZER_NONNULL = YES;
				CLANG_ANALYZER_NUMBER_OBJECT_CONVERSION = YES_AGGRESSIVE;
				CLANG_CXX_LANGUAGE_STANDARD = "gnu++14";
				CLANG_CXX_LIBRARY = "libc++";
				CLANG_ENABLE_MODULES = YES;
				CLANG_ENABLE_OBJC_ARC = YES;
				CLANG_ENABLE_OBJC_WEAK = YES;
				CLANG_WARN_BLOCK_CAPTURE_AUTORELEASING = YES;
				CLANG_WARN_BOOL_CONVERSION = YES;
				CLANG_WARN_COMMA = YES;
				CLANG_WARN_CONSTANT_CONVERSION = YES;
				CLANG_WARN_DEPRECATED_OBJC_IMPLEMENTATIONS = YES;
				CLANG_WARN_DIRECT_OBJC_ISA_USAGE = YES_ERROR;
				CLANG_WARN_DOCUMENTATION_COMMENTS = YES;
				CLANG_WARN_EMPTY_BODY = YES;
				CLANG_WARN_ENUM_CONVERSION = YES;
				CLANG_WARN_INFINITE_RECURSION = YES;
				CLANG_WARN_INT_CONVERSION = YES;
				CLANG_WARN_NON_LITERAL_NULL_CONVERSION = YES;
				CLANG_WARN_OBJC_IMPLICIT_RETAIN_SELF = YES;
				CLANG_WARN_OBJC_LITERAL_CONVERSION = YES;
				CLANG_WARN_OBJC_ROOT_CLASS = YES_ERROR;
				CLANG_WARN_RANGE_LOOP_ANALYSIS = YES;
				CLANG_WARN_STRICT_PROTOTYPES = YES;
				CLANG_WARN_SUSPICIOUS_MOVE = YES;
				CLANG_WARN_UNGUARDED_AVAILABILITY = YES_AGGRESSIVE;
				CLANG_WARN_UNREACHABLE_CODE = YES;
				CLANG_WARN__DUPLICATE_METHOD_MATCH = YES;
				COPY_PHASE_STRIP = NO;
				DEBUG_INFORMATION_FORMAT = dwarf;
				ENABLE_STRICT_OBJC_MSGSEND = YES;
				ENABLE_TESTABILITY = YES;
				GCC_C_LANGUAGE_STANDARD = gnu11;
				GCC_DYNAMIC_NO_PIC = NO;
				GCC_NO_COMMON_BLOCKS = YES;
				GCC_OPTIMIZATION_LEVEL = 0;
				GCC_PREPROCESSOR_DEFINITIONS = (
					"DEBUG=1",
					"$(inherited)",
				);
				GCC_WARN_64_TO_32_BIT_CONVERSION = YES;
				GCC_WARN_ABOUT_RETURN_TYPE = YES_ERROR;
				GCC_WARN_UNDECLARED_SELECTOR = YES;
				GCC_WARN_UNINITIALIZED_AUTOS = YES_AGGRESSIVE;
				GCC_WARN_UNUSED_FUNCTION = YES;
				GCC_WARN_UNUSED_VARIABLE = YES;
				IPHONEOS_DEPLOYMENT_TARGET = 13.2;
				MTL_ENABLE_DEBUG_INFO = INCLUDE_SOURCE;
				MTL_FAST_MATH = YES;
				ONLY_ACTIVE_ARCH = YES;
				SDKROOT = iphoneos;
				SWIFT_ACTIVE_COMPILATION_CONDITIONS = DEBUG;
				SWIFT_OPTIMIZATION_LEVEL = "-Onone";
				SWIFT_VERSION = 5.0;
				VALIDATE_PRODUCT = YES;
			};
			name = Debug;
		};
		0B666D9D2368720C00B0E72A /* Release */ = {
			isa = XCBuildConfiguration;
			buildSettings = {
				ALWAYS_SEARCH_USER_PATHS = NO;
				CLANG_ANALYZER_NONNULL = YES;
				CLANG_ANALYZER_NUMBER_OBJECT_CONVERSION = YES_AGGRESSIVE;
				CLANG_CXX_LANGUAGE_STANDARD = "gnu++14";
				CLANG_CXX_LIBRARY = "libc++";
				CLANG_ENABLE_MODULES = YES;
				CLANG_ENABLE_OBJC_ARC = YES;
				CLANG_ENABLE_OBJC_WEAK = YES;
				CLANG_WARN_BLOCK_CAPTURE_AUTORELEASING = YES;
				CLANG_WARN_BOOL_CONVERSION = YES;
				CLANG_WARN_COMMA = YES;
				CLANG_WARN_CONSTANT_CONVERSION = YES;
				CLANG_WARN_DEPRECATED_OBJC_IMPLEMENTATIONS = YES;
				CLANG_WARN_DIRECT_OBJC_ISA_USAGE = YES_ERROR;
				CLANG_WARN_DOCUMENTATION_COMMENTS = YES;
				CLANG_WARN_EMPTY_BODY = YES;
				CLANG_WARN_ENUM_CONVERSION = YES;
				CLANG_WARN_INFINITE_RECURSION = YES;
				CLANG_WARN_INT_CONVERSION = YES;
				CLANG_WARN_NON_LITERAL_NULL_CONVERSION = YES;
				CLANG_WARN_OBJC_IMPLICIT_RETAIN_SELF = YES;
				CLANG_WARN_OBJC_LITERAL_CONVERSION = YES;
				CLANG_WARN_OBJC_ROOT_CLASS = YES_ERROR;
				CLANG_WARN_RANGE_LOOP_ANALYSIS = YES;
				CLANG_WARN_STRICT_PROTOTYPES = YES;
				CLANG_WARN_SUSPICIOUS_MOVE = YES;
				CLANG_WARN_UNGUARDED_AVAILABILITY = YES_AGGRESSIVE;
				CLANG_WARN_UNREACHABLE_CODE = YES;
				CLANG_WARN__DUPLICATE_METHOD_MATCH = YES;
				COPY_PHASE_STRIP = NO;
				DEBUG_INFORMATION_FORMAT = "dwarf-with-dsym";
				ENABLE_NS_ASSERTIONS = NO;
				ENABLE_STRICT_OBJC_MSGSEND = YES;
				ENABLE_TESTABILITY = YES;
				GCC_C_LANGUAGE_STANDARD = gnu11;
				GCC_NO_COMMON_BLOCKS = YES;
				GCC_WARN_64_TO_32_BIT_CONVERSION = YES;
				GCC_WARN_ABOUT_RETURN_TYPE = YES_ERROR;
				GCC_WARN_UNDECLARED_SELECTOR = YES;
				GCC_WARN_UNINITIALIZED_AUTOS = YES_AGGRESSIVE;
				GCC_WARN_UNUSED_FUNCTION = YES;
				GCC_WARN_UNUSED_VARIABLE = YES;
				IPHONEOS_DEPLOYMENT_TARGET = 13.2;
				MTL_ENABLE_DEBUG_INFO = NO;
				MTL_FAST_MATH = YES;
				SDKROOT = iphoneos;
				SWIFT_COMPILATION_MODE = wholemodule;
				SWIFT_OPTIMIZATION_LEVEL = "-O";
				SWIFT_VERSION = 5.0;
				VALIDATE_PRODUCT = YES;
			};
			name = Release;
		};
		0B666D9F2368720C00B0E72A /* Debug */ = {
			isa = XCBuildConfiguration;
			buildSettings = {
				ASSETCATALOG_COMPILER_APPICON_NAME = AppIcon;
				CODE_SIGN_STYLE = Automatic;
				CURRENT_PROJECT_VERSION = 1;
				DEVELOPMENT_TEAM = C22Z4773SH;
				INFOPLIST_FILE = SaveThings/Info.plist;
				IPHONEOS_DEPLOYMENT_TARGET = 13.2;
				LD_RUNPATH_SEARCH_PATHS = (
					"$(inherited)",
					"@executable_path/Frameworks",
				);
				MARKETING_VERSION = 1.0.4;
				PRODUCT_BUNDLE_IDENTIFIER = com.dongwoopae.SaveThings;
				PRODUCT_NAME = "$(TARGET_NAME)";
				SUPPORTED_PLATFORMS = "iphoneos iphonesimulator";
				SUPPORTS_MACCATALYST = NO;
				SUPPORTS_MAC_DESIGNED_FOR_IPHONE_IPAD = NO;
				SUPPORTS_XR_DESIGNED_FOR_IPHONE_IPAD = NO;
				SWIFT_VERSION = 5.0;
				TARGETED_DEVICE_FAMILY = 1;
			};
			name = Debug;
		};
		0B666DA02368720C00B0E72A /* Release */ = {
			isa = XCBuildConfiguration;
			buildSettings = {
				ASSETCATALOG_COMPILER_APPICON_NAME = AppIcon;
				CODE_SIGN_STYLE = Automatic;
				CURRENT_PROJECT_VERSION = 1;
				DEVELOPMENT_TEAM = C22Z4773SH;
				INFOPLIST_FILE = SaveThings/Info.plist;
				IPHONEOS_DEPLOYMENT_TARGET = 13.2;
				LD_RUNPATH_SEARCH_PATHS = (
					"$(inherited)",
					"@executable_path/Frameworks",
				);
				MARKETING_VERSION = 1.0.4;
				PRODUCT_BUNDLE_IDENTIFIER = com.dongwoopae.SaveThings;
				PRODUCT_NAME = "$(TARGET_NAME)";
				SUPPORTED_PLATFORMS = "iphoneos iphonesimulator";
				SUPPORTS_MACCATALYST = NO;
				SUPPORTS_MAC_DESIGNED_FOR_IPHONE_IPAD = NO;
				SUPPORTS_XR_DESIGNED_FOR_IPHONE_IPAD = NO;
				SWIFT_VERSION = 5.0;
				TARGETED_DEVICE_FAMILY = 1;
			};
			name = Release;
		};
/* End XCBuildConfiguration section */

/* Begin XCConfigurationList section */
		0B666D852368720800B0E72A /* Build configuration list for PBXProject "SaveThings" */ = {
			isa = XCConfigurationList;
			buildConfigurations = (
				0B666D9C2368720C00B0E72A /* Debug */,
				0B666D9D2368720C00B0E72A /* Release */,
			);
			defaultConfigurationIsVisible = 0;
			defaultConfigurationName = Release;
		};
		0B666D9E2368720C00B0E72A /* Build configuration list for PBXNativeTarget "SaveThings" */ = {
			isa = XCConfigurationList;
			buildConfigurations = (
				0B666D9F2368720C00B0E72A /* Debug */,
				0B666DA02368720C00B0E72A /* Release */,
			);
			defaultConfigurationIsVisible = 0;
			defaultConfigurationName = Release;
		};
/* End XCConfigurationList section */

/* Begin XCVersionGroup section */
		0B65A762239389A500300633 /* Models.xcdatamodeld */ = {
			isa = XCVersionGroup;
			children = (
				0BED43CD23B9EB6F009B4D74 /* Models 5.xcdatamodel */,
				0B08C1E0239FAE970090010A /* Models 4.xcdatamodel */,
				0B68DD0D239A3B9C00E2DD67 /* Models 3.xcdatamodel */,
				0BA26A202393B1BE004836B8 /* Models 2.xcdatamodel */,
				0B65A763239389A500300633 /* Models.xcdatamodel */,
			);
			currentVersion = 0BED43CD23B9EB6F009B4D74 /* Models 5.xcdatamodel */;
			path = Models.xcdatamodeld;
			sourceTree = "<group>";
			versionGroupType = wrapper.xcdatamodel;
		};
/* End XCVersionGroup section */
	};
	rootObject = 0B666D822368720800B0E72A /* Project object */;
}
